// !$*UTF8*$!
{
	archiveVersion = 1;
	classes = {
	};
	objectVersion = 55;
	objects = {

/* Begin PBXBuildFile section */
		45E8212CC39FA4502074C620 /* Pods_GoogleMapsTrackerTests.framework in Frameworks */ = {isa = PBXBuildFile; fileRef = 0ABE932157F51645F14ACC20 /* Pods_GoogleMapsTrackerTests.framework */; };
		82CD7ECAA26254929915CF06 /* Pods_GoogleMapsTracker.framework in Frameworks */ = {isa = PBXBuildFile; fileRef = 089258927828CD48FDC85668 /* Pods_GoogleMapsTracker.framework */; };
		B90DE35629A50CEE0095E9F2 /* LoginViewController.swift in Sources */ = {isa = PBXBuildFile; fileRef = B90DE35529A50CEE0095E9F2 /* LoginViewController.swift */; };
		B90DE35829A517B10095E9F2 /* User.swift in Sources */ = {isa = PBXBuildFile; fileRef = B90DE35729A517B10095E9F2 /* User.swift */; };
		B90DE35A29A518870095E9F2 /* RegisterViewController.swift in Sources */ = {isa = PBXBuildFile; fileRef = B90DE35929A518870095E9F2 /* RegisterViewController.swift */; };
		B90DE36029A523260095E9F2 /* Router.swift in Sources */ = {isa = PBXBuildFile; fileRef = B90DE35F29A523260095E9F2 /* Router.swift */; };
		B90DE36E29A526DE0095E9F2 /* StoryboardHelper.swift in Sources */ = {isa = PBXBuildFile; fileRef = B90DE36D29A526DE0095E9F2 /* StoryboardHelper.swift */; };
		B90DE37029A52DF10095E9F2 /* UIWindow.swift in Sources */ = {isa = PBXBuildFile; fileRef = B90DE36F29A52DF10095E9F2 /* UIWindow.swift */; };
		B94AF623299E703C00C6CFB5 /* Coordinate.swift in Sources */ = {isa = PBXBuildFile; fileRef = B94AF622299E703C00C6CFB5 /* Coordinate.swift */; };
		B94AF626299E747E00C6CFB5 /* Realm in Frameworks */ = {isa = PBXBuildFile; productRef = B94AF625299E747E00C6CFB5 /* Realm */; };
		B94AF628299E747E00C6CFB5 /* RealmSwift in Frameworks */ = {isa = PBXBuildFile; productRef = B94AF627299E747E00C6CFB5 /* RealmSwift */; };
		B94AF62B299E86DF00C6CFB5 /* RealmService.swift in Sources */ = {isa = PBXBuildFile; fileRef = B94AF62A299E86DF00C6CFB5 /* RealmService.swift */; };
		B9C2F78B29A60A5F0007D050 /* BlurView.swift in Sources */ = {isa = PBXBuildFile; fileRef = B9C2F78A29A60A5F0007D050 /* BlurView.swift */; };
		B9C2F78D29A66BBB0007D050 /* Observable.swift in Sources */ = {isa = PBXBuildFile; fileRef = B9C2F78C29A66BBB0007D050 /* Observable.swift */; };
		B9C2F78F29A66C400007D050 /* AuthConstatns.swift in Sources */ = {isa = PBXBuildFile; fileRef = B9C2F78E29A66C400007D050 /* AuthConstatns.swift */; };
		B9C2F79129A66E0F0007D050 /* LocationManager.swift in Sources */ = {isa = PBXBuildFile; fileRef = B9C2F79029A66E0F0007D050 /* LocationManager.swift */; };
		B9D438F029A8A5010018331E /* ImageService.swift in Sources */ = {isa = PBXBuildFile; fileRef = B9D438EF29A8A5010018331E /* ImageService.swift */; };
		B9DA9A1D299B83F400A41C31 /* AppDelegate.swift in Sources */ = {isa = PBXBuildFile; fileRef = B9DA9A1C299B83F400A41C31 /* AppDelegate.swift */; };
		B9DA9A1F299B83F400A41C31 /* SceneDelegate.swift in Sources */ = {isa = PBXBuildFile; fileRef = B9DA9A1E299B83F400A41C31 /* SceneDelegate.swift */; };
		B9DA9A21299B83F400A41C31 /* MapViewController.swift in Sources */ = {isa = PBXBuildFile; fileRef = B9DA9A20299B83F400A41C31 /* MapViewController.swift */; };
		B9DA9A24299B83F400A41C31 /* Main.storyboard in Resources */ = {isa = PBXBuildFile; fileRef = B9DA9A22299B83F400A41C31 /* Main.storyboard */; };
		B9DA9A26299B83F900A41C31 /* Assets.xcassets in Resources */ = {isa = PBXBuildFile; fileRef = B9DA9A25299B83F900A41C31 /* Assets.xcassets */; };
		B9DA9A29299B83F900A41C31 /* LaunchScreen.storyboard in Resources */ = {isa = PBXBuildFile; fileRef = B9DA9A27299B83F900A41C31 /* LaunchScreen.storyboard */; };
		B9DA9A34299B83FA00A41C31 /* GoogleMapsTrackerTests.swift in Sources */ = {isa = PBXBuildFile; fileRef = B9DA9A33299B83FA00A41C31 /* GoogleMapsTrackerTests.swift */; };
		B9DA9A3E299B83FB00A41C31 /* GoogleMapsTrackerUITests.swift in Sources */ = {isa = PBXBuildFile; fileRef = B9DA9A3D299B83FB00A41C31 /* GoogleMapsTrackerUITests.swift */; };
		B9DA9A40299B83FB00A41C31 /* GoogleMapsTrackerUITestsLaunchTests.swift in Sources */ = {isa = PBXBuildFile; fileRef = B9DA9A3F299B83FB00A41C31 /* GoogleMapsTrackerUITestsLaunchTests.swift */; };
		D0F78E9AF8E8D6566D91C595 /* Pods_GoogleMapsTracker_GoogleMapsTrackerUITests.framework in Frameworks */ = {isa = PBXBuildFile; fileRef = F7739238BEFC901ECB80C609 /* Pods_GoogleMapsTracker_GoogleMapsTrackerUITests.framework */; };
/* End PBXBuildFile section */

/* Begin PBXContainerItemProxy section */
		B9DA9A30299B83FA00A41C31 /* PBXContainerItemProxy */ = {
			isa = PBXContainerItemProxy;
			containerPortal = B9DA9A11299B83F400A41C31 /* Project object */;
			proxyType = 1;
			remoteGlobalIDString = B9DA9A18299B83F400A41C31;
			remoteInfo = GoogleMapsTracker;
		};
		B9DA9A3A299B83FB00A41C31 /* PBXContainerItemProxy */ = {
			isa = PBXContainerItemProxy;
			containerPortal = B9DA9A11299B83F400A41C31 /* Project object */;
			proxyType = 1;
			remoteGlobalIDString = B9DA9A18299B83F400A41C31;
			remoteInfo = GoogleMapsTracker;
		};
/* End PBXContainerItemProxy section */

/* Begin PBXFileReference section */
		089258927828CD48FDC85668 /* Pods_GoogleMapsTracker.framework */ = {isa = PBXFileReference; explicitFileType = wrapper.framework; includeInIndex = 0; path = Pods_GoogleMapsTracker.framework; sourceTree = BUILT_PRODUCTS_DIR; };
		0ABE932157F51645F14ACC20 /* Pods_GoogleMapsTrackerTests.framework */ = {isa = PBXFileReference; explicitFileType = wrapper.framework; includeInIndex = 0; path = Pods_GoogleMapsTrackerTests.framework; sourceTree = BUILT_PRODUCTS_DIR; };
		0DBFE9D3C3B8D2633555DCA8 /* Pods-GoogleMapsTracker.release.xcconfig */ = {isa = PBXFileReference; includeInIndex = 1; lastKnownFileType = text.xcconfig; name = "Pods-GoogleMapsTracker.release.xcconfig"; path = "Target Support Files/Pods-GoogleMapsTracker/Pods-GoogleMapsTracker.release.xcconfig"; sourceTree = "<group>"; };
		20CC58D184D9B528A0EF89DF /* Pods-GoogleMapsTracker-GoogleMapsTrackerUITests.release.xcconfig */ = {isa = PBXFileReference; includeInIndex = 1; lastKnownFileType = text.xcconfig; name = "Pods-GoogleMapsTracker-GoogleMapsTrackerUITests.release.xcconfig"; path = "Target Support Files/Pods-GoogleMapsTracker-GoogleMapsTrackerUITests/Pods-GoogleMapsTracker-GoogleMapsTrackerUITests.release.xcconfig"; sourceTree = "<group>"; };
		34855A2FFC54AF83127AECA6 /* Pods-GoogleMapsTrackerTests.release.xcconfig */ = {isa = PBXFileReference; includeInIndex = 1; lastKnownFileType = text.xcconfig; name = "Pods-GoogleMapsTrackerTests.release.xcconfig"; path = "Target Support Files/Pods-GoogleMapsTrackerTests/Pods-GoogleMapsTrackerTests.release.xcconfig"; sourceTree = "<group>"; };
		4A4435A4E3FD86026C21ED95 /* Pods-GoogleMapsTracker-GoogleMapsTrackerUITests.debug.xcconfig */ = {isa = PBXFileReference; includeInIndex = 1; lastKnownFileType = text.xcconfig; name = "Pods-GoogleMapsTracker-GoogleMapsTrackerUITests.debug.xcconfig"; path = "Target Support Files/Pods-GoogleMapsTracker-GoogleMapsTrackerUITests/Pods-GoogleMapsTracker-GoogleMapsTrackerUITests.debug.xcconfig"; sourceTree = "<group>"; };
		990EC9BCE01D14730F63FA62 /* Pods-GoogleMapsTrackerTests.debug.xcconfig */ = {isa = PBXFileReference; includeInIndex = 1; lastKnownFileType = text.xcconfig; name = "Pods-GoogleMapsTrackerTests.debug.xcconfig"; path = "Target Support Files/Pods-GoogleMapsTrackerTests/Pods-GoogleMapsTrackerTests.debug.xcconfig"; sourceTree = "<group>"; };
		9C9C892EE2FDF3768A4F152D /* Pods-GoogleMapsTracker.debug.xcconfig */ = {isa = PBXFileReference; includeInIndex = 1; lastKnownFileType = text.xcconfig; name = "Pods-GoogleMapsTracker.debug.xcconfig"; path = "Target Support Files/Pods-GoogleMapsTracker/Pods-GoogleMapsTracker.debug.xcconfig"; sourceTree = "<group>"; };
		B90DE35529A50CEE0095E9F2 /* LoginViewController.swift */ = {isa = PBXFileReference; lastKnownFileType = sourcecode.swift; path = LoginViewController.swift; sourceTree = "<group>"; };
		B90DE35729A517B10095E9F2 /* User.swift */ = {isa = PBXFileReference; lastKnownFileType = sourcecode.swift; path = User.swift; sourceTree = "<group>"; };
		B90DE35929A518870095E9F2 /* RegisterViewController.swift */ = {isa = PBXFileReference; lastKnownFileType = sourcecode.swift; path = RegisterViewController.swift; sourceTree = "<group>"; };
		B90DE35F29A523260095E9F2 /* Router.swift */ = {isa = PBXFileReference; lastKnownFileType = sourcecode.swift; path = Router.swift; sourceTree = "<group>"; };
		B90DE36D29A526DE0095E9F2 /* StoryboardHelper.swift */ = {isa = PBXFileReference; lastKnownFileType = sourcecode.swift; path = StoryboardHelper.swift; sourceTree = "<group>"; };
		B90DE36F29A52DF10095E9F2 /* UIWindow.swift */ = {isa = PBXFileReference; lastKnownFileType = sourcecode.swift; path = UIWindow.swift; sourceTree = "<group>"; };
		B94AF622299E703C00C6CFB5 /* Coordinate.swift */ = {isa = PBXFileReference; lastKnownFileType = sourcecode.swift; path = Coordinate.swift; sourceTree = "<group>"; };
		B94AF62A299E86DF00C6CFB5 /* RealmService.swift */ = {isa = PBXFileReference; lastKnownFileType = sourcecode.swift; path = RealmService.swift; sourceTree = "<group>"; };
		B9C2F78A29A60A5F0007D050 /* BlurView.swift */ = {isa = PBXFileReference; lastKnownFileType = sourcecode.swift; path = BlurView.swift; sourceTree = "<group>"; };
		B9C2F78C29A66BBB0007D050 /* Observable.swift */ = {isa = PBXFileReference; lastKnownFileType = sourcecode.swift; path = Observable.swift; sourceTree = "<group>"; };
		B9C2F78E29A66C400007D050 /* AuthConstatns.swift */ = {isa = PBXFileReference; lastKnownFileType = sourcecode.swift; path = AuthConstatns.swift; sourceTree = "<group>"; };
		B9C2F79029A66E0F0007D050 /* LocationManager.swift */ = {isa = PBXFileReference; lastKnownFileType = sourcecode.swift; path = LocationManager.swift; sourceTree = "<group>"; };
		B9D438EF29A8A5010018331E /* ImageService.swift */ = {isa = PBXFileReference; lastKnownFileType = sourcecode.swift; path = ImageService.swift; sourceTree = "<group>"; };
		B9DA9A19299B83F400A41C31 /* GoogleMapsTracker.app */ = {isa = PBXFileReference; explicitFileType = wrapper.application; includeInIndex = 0; path = GoogleMapsTracker.app; sourceTree = BUILT_PRODUCTS_DIR; };
		B9DA9A1C299B83F400A41C31 /* AppDelegate.swift */ = {isa = PBXFileReference; lastKnownFileType = sourcecode.swift; path = AppDelegate.swift; sourceTree = "<group>"; };
		B9DA9A1E299B83F400A41C31 /* SceneDelegate.swift */ = {isa = PBXFileReference; lastKnownFileType = sourcecode.swift; path = SceneDelegate.swift; sourceTree = "<group>"; };
		B9DA9A20299B83F400A41C31 /* MapViewController.swift */ = {isa = PBXFileReference; lastKnownFileType = sourcecode.swift; path = MapViewController.swift; sourceTree = "<group>"; };
		B9DA9A23299B83F400A41C31 /* Base */ = {isa = PBXFileReference; lastKnownFileType = file.storyboard; name = Base; path = Base.lproj/Main.storyboard; sourceTree = "<group>"; };
		B9DA9A25299B83F900A41C31 /* Assets.xcassets */ = {isa = PBXFileReference; lastKnownFileType = folder.assetcatalog; path = Assets.xcassets; sourceTree = "<group>"; };
		B9DA9A28299B83F900A41C31 /* Base */ = {isa = PBXFileReference; lastKnownFileType = file.storyboard; name = Base; path = Base.lproj/LaunchScreen.storyboard; sourceTree = "<group>"; };
		B9DA9A2A299B83F900A41C31 /* Info.plist */ = {isa = PBXFileReference; lastKnownFileType = text.plist.xml; path = Info.plist; sourceTree = "<group>"; };
		B9DA9A2F299B83FA00A41C31 /* GoogleMapsTrackerTests.xctest */ = {isa = PBXFileReference; explicitFileType = wrapper.cfbundle; includeInIndex = 0; path = GoogleMapsTrackerTests.xctest; sourceTree = BUILT_PRODUCTS_DIR; };
		B9DA9A33299B83FA00A41C31 /* GoogleMapsTrackerTests.swift */ = {isa = PBXFileReference; lastKnownFileType = sourcecode.swift; path = GoogleMapsTrackerTests.swift; sourceTree = "<group>"; };
		B9DA9A39299B83FB00A41C31 /* GoogleMapsTrackerUITests.xctest */ = {isa = PBXFileReference; explicitFileType = wrapper.cfbundle; includeInIndex = 0; path = GoogleMapsTrackerUITests.xctest; sourceTree = BUILT_PRODUCTS_DIR; };
		B9DA9A3D299B83FB00A41C31 /* GoogleMapsTrackerUITests.swift */ = {isa = PBXFileReference; lastKnownFileType = sourcecode.swift; path = GoogleMapsTrackerUITests.swift; sourceTree = "<group>"; };
		B9DA9A3F299B83FB00A41C31 /* GoogleMapsTrackerUITestsLaunchTests.swift */ = {isa = PBXFileReference; lastKnownFileType = sourcecode.swift; path = GoogleMapsTrackerUITestsLaunchTests.swift; sourceTree = "<group>"; };
		F7739238BEFC901ECB80C609 /* Pods_GoogleMapsTracker_GoogleMapsTrackerUITests.framework */ = {isa = PBXFileReference; explicitFileType = wrapper.framework; includeInIndex = 0; path = Pods_GoogleMapsTracker_GoogleMapsTrackerUITests.framework; sourceTree = BUILT_PRODUCTS_DIR; };
/* End PBXFileReference section */

/* Begin PBXFrameworksBuildPhase section */
		B9DA9A16299B83F400A41C31 /* Frameworks */ = {
			isa = PBXFrameworksBuildPhase;
			buildActionMask = 2147483647;
			files = (
				B94AF628299E747E00C6CFB5 /* RealmSwift in Frameworks */,
				B94AF626299E747E00C6CFB5 /* Realm in Frameworks */,
				82CD7ECAA26254929915CF06 /* Pods_GoogleMapsTracker.framework in Frameworks */,
			);
			runOnlyForDeploymentPostprocessing = 0;
		};
		B9DA9A2C299B83FA00A41C31 /* Frameworks */ = {
			isa = PBXFrameworksBuildPhase;
			buildActionMask = 2147483647;
			files = (
				45E8212CC39FA4502074C620 /* Pods_GoogleMapsTrackerTests.framework in Frameworks */,
			);
			runOnlyForDeploymentPostprocessing = 0;
		};
		B9DA9A36299B83FB00A41C31 /* Frameworks */ = {
			isa = PBXFrameworksBuildPhase;
			buildActionMask = 2147483647;
			files = (
				D0F78E9AF8E8D6566D91C595 /* Pods_GoogleMapsTracker_GoogleMapsTrackerUITests.framework in Frameworks */,
			);
			runOnlyForDeploymentPostprocessing = 0;
		};
/* End PBXFrameworksBuildPhase section */

/* Begin PBXGroup section */
		54D75F5F3A7D045E596CD201 /* Frameworks */ = {
			isa = PBXGroup;
			children = (
				089258927828CD48FDC85668 /* Pods_GoogleMapsTracker.framework */,
				F7739238BEFC901ECB80C609 /* Pods_GoogleMapsTracker_GoogleMapsTrackerUITests.framework */,
				0ABE932157F51645F14ACC20 /* Pods_GoogleMapsTrackerTests.framework */,
			);
			name = Frameworks;
			sourceTree = "<group>";
		};
		B90DE35329A50CB40095E9F2 /* Map */ = {
			isa = PBXGroup;
			children = (
				B9DA9A20299B83F400A41C31 /* MapViewController.swift */,
			);
			path = Map;
			sourceTree = "<group>";
		};
		B90DE35429A50CBF0095E9F2 /* User */ = {
			isa = PBXGroup;
			children = (
				B90DE35529A50CEE0095E9F2 /* LoginViewController.swift */,
				B90DE35929A518870095E9F2 /* RegisterViewController.swift */,
			);
			name = User;
			sourceTree = "<group>";
		};
		B90DE36B29A5268D0095E9F2 /* Router */ = {
			isa = PBXGroup;
			children = (
				B90DE35F29A523260095E9F2 /* Router.swift */,
			);
			path = Router;
			sourceTree = "<group>";
		};
		B90DE36C29A526AC0095E9F2 /* Helper */ = {
			isa = PBXGroup;
			children = (
				B90DE36D29A526DE0095E9F2 /* StoryboardHelper.swift */,
				B90DE36F29A52DF10095E9F2 /* UIWindow.swift */,
				B9C2F78C29A66BBB0007D050 /* Observable.swift */,
			);
			name = Helper;
			sourceTree = "<group>";
		};
		B94AF629299E86AF00C6CFB5 /* BusinessLogic */ = {
			isa = PBXGroup;
			children = (
				B94AF62A299E86DF00C6CFB5 /* RealmService.swift */,
				B9C2F79029A66E0F0007D050 /* LocationManager.swift */,
				B9D438EF29A8A5010018331E /* ImageService.swift */,
			);
			name = BusinessLogic;
			sourceTree = "<group>";
		};
		B986E882299D54080050A8F7 /* App */ = {
			isa = PBXGroup;
			children = (
				B9DA9A1C299B83F400A41C31 /* AppDelegate.swift */,
				B9DA9A1E299B83F400A41C31 /* SceneDelegate.swift */,
				B94AF629299E86AF00C6CFB5 /* BusinessLogic */,
				B986E887299E6A6C0050A8F7 /* Entity */,
				B986E883299D541A0050A8F7 /* Flows */,
			);
			name = App;
			sourceTree = "<group>";
		};
		B986E883299D541A0050A8F7 /* Flows */ = {
			isa = PBXGroup;
			children = (
				B9C2F78929A60A2C0007D050 /* View */,
				B986E884299D543B0050A8F7 /* ViewControllers */,
				B90DE36C29A526AC0095E9F2 /* Helper */,
				B90DE36B29A5268D0095E9F2 /* Router */,
			);
			path = Flows;
			sourceTree = "<group>";
		};
		B986E884299D543B0050A8F7 /* ViewControllers */ = {
			isa = PBXGroup;
			children = (
				B90DE35429A50CBF0095E9F2 /* User */,
				B90DE35329A50CB40095E9F2 /* Map */,
			);
			name = ViewControllers;
			sourceTree = "<group>";
		};
		B986E885299D54770050A8F7 /* Environments */ = {
			isa = PBXGroup;
			children = (
				B9DA9A2A299B83F900A41C31 /* Info.plist */,
			);
			path = Environments;
			sourceTree = "<group>";
		};
		B986E886299D54B20050A8F7 /* Resourses */ = {
			isa = PBXGroup;
			children = (
				B9DA9A25299B83F900A41C31 /* Assets.xcassets */,
			);
			name = Resourses;
			sourceTree = "<group>";
		};
		B986E887299E6A6C0050A8F7 /* Entity */ = {
			isa = PBXGroup;
			children = (
				B94AF622299E703C00C6CFB5 /* Coordinate.swift */,
				B90DE35729A517B10095E9F2 /* User.swift */,
				B9C2F78E29A66C400007D050 /* AuthConstatns.swift */,
			);
			name = Entity;
			sourceTree = "<group>";
		};
		B9C2F78929A60A2C0007D050 /* View */ = {
			isa = PBXGroup;
			children = (
				B9C2F78A29A60A5F0007D050 /* BlurView.swift */,
			);
			name = View;
			sourceTree = "<group>";
		};
		B9DA9A10299B83F400A41C31 = {
			isa = PBXGroup;
			children = (
				B9DA9A1B299B83F400A41C31 /* GoogleMapsTracker */,
				B9DA9A32299B83FA00A41C31 /* GoogleMapsTrackerTests */,
				B9DA9A3C299B83FB00A41C31 /* GoogleMapsTrackerUITests */,
				B9DA9A1A299B83F400A41C31 /* Products */,
				D498BE2C516A0C0FE6605274 /* Pods */,
				54D75F5F3A7D045E596CD201 /* Frameworks */,
			);
			sourceTree = "<group>";
		};
		B9DA9A1A299B83F400A41C31 /* Products */ = {
			isa = PBXGroup;
			children = (
				B9DA9A19299B83F400A41C31 /* GoogleMapsTracker.app */,
				B9DA9A2F299B83FA00A41C31 /* GoogleMapsTrackerTests.xctest */,
				B9DA9A39299B83FB00A41C31 /* GoogleMapsTrackerUITests.xctest */,
			);
			name = Products;
			sourceTree = "<group>";
		};
		B9DA9A1B299B83F400A41C31 /* GoogleMapsTracker */ = {
			isa = PBXGroup;
			children = (
				B986E882299D54080050A8F7 /* App */,
				B986E886299D54B20050A8F7 /* Resourses */,
				B986E885299D54770050A8F7 /* Environments */,
				B9DA9A22299B83F400A41C31 /* Main.storyboard */,
				B9DA9A27299B83F900A41C31 /* LaunchScreen.storyboard */,
			);
			path = GoogleMapsTracker;
			sourceTree = "<group>";
		};
		B9DA9A32299B83FA00A41C31 /* GoogleMapsTrackerTests */ = {
			isa = PBXGroup;
			children = (
				B9DA9A33299B83FA00A41C31 /* GoogleMapsTrackerTests.swift */,
			);
			path = GoogleMapsTrackerTests;
			sourceTree = "<group>";
		};
		B9DA9A3C299B83FB00A41C31 /* GoogleMapsTrackerUITests */ = {
			isa = PBXGroup;
			children = (
				B9DA9A3D299B83FB00A41C31 /* GoogleMapsTrackerUITests.swift */,
				B9DA9A3F299B83FB00A41C31 /* GoogleMapsTrackerUITestsLaunchTests.swift */,
			);
			path = GoogleMapsTrackerUITests;
			sourceTree = "<group>";
		};
		D498BE2C516A0C0FE6605274 /* Pods */ = {
			isa = PBXGroup;
			children = (
				9C9C892EE2FDF3768A4F152D /* Pods-GoogleMapsTracker.debug.xcconfig */,
				0DBFE9D3C3B8D2633555DCA8 /* Pods-GoogleMapsTracker.release.xcconfig */,
				4A4435A4E3FD86026C21ED95 /* Pods-GoogleMapsTracker-GoogleMapsTrackerUITests.debug.xcconfig */,
				20CC58D184D9B528A0EF89DF /* Pods-GoogleMapsTracker-GoogleMapsTrackerUITests.release.xcconfig */,
				990EC9BCE01D14730F63FA62 /* Pods-GoogleMapsTrackerTests.debug.xcconfig */,
				34855A2FFC54AF83127AECA6 /* Pods-GoogleMapsTrackerTests.release.xcconfig */,
			);
			path = Pods;
			sourceTree = "<group>";
		};
/* End PBXGroup section */

/* Begin PBXNativeTarget section */
		B9DA9A18299B83F400A41C31 /* GoogleMapsTracker */ = {
			isa = PBXNativeTarget;
			buildConfigurationList = B9DA9A43299B83FB00A41C31 /* Build configuration list for PBXNativeTarget "GoogleMapsTracker" */;
			buildPhases = (
				A70374B01816780244B3F045 /* [CP] Check Pods Manifest.lock */,
				B9DA9A15299B83F400A41C31 /* Sources */,
				B9DA9A16299B83F400A41C31 /* Frameworks */,
				B9DA9A17299B83F400A41C31 /* Resources */,
				409CABF45D7E368FC87F07BA /* [CP] Copy Pods Resources */,
				15195817C7C1D53907AC096E /* [CP] Embed Pods Frameworks */,
			);
			buildRules = (
			);
			dependencies = (
			);
			name = GoogleMapsTracker;
			packageProductDependencies = (
				B94AF625299E747E00C6CFB5 /* Realm */,
				B94AF627299E747E00C6CFB5 /* RealmSwift */,
			);
			productName = GoogleMapsTracker;
			productReference = B9DA9A19299B83F400A41C31 /* GoogleMapsTracker.app */;
			productType = "com.apple.product-type.application";
		};
		B9DA9A2E299B83FA00A41C31 /* GoogleMapsTrackerTests */ = {
			isa = PBXNativeTarget;
			buildConfigurationList = B9DA9A46299B83FB00A41C31 /* Build configuration list for PBXNativeTarget "GoogleMapsTrackerTests" */;
			buildPhases = (
				0F0E54C0D1D99A13540B97BF /* [CP] Check Pods Manifest.lock */,
				B9DA9A2B299B83FA00A41C31 /* Sources */,
				B9DA9A2C299B83FA00A41C31 /* Frameworks */,
				B9DA9A2D299B83FA00A41C31 /* Resources */,
			);
			buildRules = (
			);
			dependencies = (
				B9DA9A31299B83FA00A41C31 /* PBXTargetDependency */,
			);
			name = GoogleMapsTrackerTests;
			productName = GoogleMapsTrackerTests;
			productReference = B9DA9A2F299B83FA00A41C31 /* GoogleMapsTrackerTests.xctest */;
			productType = "com.apple.product-type.bundle.unit-test";
		};
		B9DA9A38299B83FB00A41C31 /* GoogleMapsTrackerUITests */ = {
			isa = PBXNativeTarget;
			buildConfigurationList = B9DA9A49299B83FB00A41C31 /* Build configuration list for PBXNativeTarget "GoogleMapsTrackerUITests" */;
			buildPhases = (
				DEED84306776FDE58AC54A7B /* [CP] Check Pods Manifest.lock */,
				B9DA9A35299B83FB00A41C31 /* Sources */,
				B9DA9A36299B83FB00A41C31 /* Frameworks */,
				B9DA9A37299B83FB00A41C31 /* Resources */,
				4AC65595E352334D4201F23F /* [CP] Copy Pods Resources */,
				6F0224B8E8968A2F2CEFA612 /* [CP] Embed Pods Frameworks */,
			);
			buildRules = (
			);
			dependencies = (
				B9DA9A3B299B83FB00A41C31 /* PBXTargetDependency */,
			);
			name = GoogleMapsTrackerUITests;
			productName = GoogleMapsTrackerUITests;
			productReference = B9DA9A39299B83FB00A41C31 /* GoogleMapsTrackerUITests.xctest */;
			productType = "com.apple.product-type.bundle.ui-testing";
		};
/* End PBXNativeTarget section */

/* Begin PBXProject section */
		B9DA9A11299B83F400A41C31 /* Project object */ = {
			isa = PBXProject;
			attributes = {
				BuildIndependentTargetsInParallel = 1;
				LastSwiftUpdateCheck = 1420;
				LastUpgradeCheck = 1420;
				TargetAttributes = {
					B9DA9A18299B83F400A41C31 = {
						CreatedOnToolsVersion = 14.2;
					};
					B9DA9A2E299B83FA00A41C31 = {
						CreatedOnToolsVersion = 14.2;
						TestTargetID = B9DA9A18299B83F400A41C31;
					};
					B9DA9A38299B83FB00A41C31 = {
						CreatedOnToolsVersion = 14.2;
						TestTargetID = B9DA9A18299B83F400A41C31;
					};
				};
			};
			buildConfigurationList = B9DA9A14299B83F400A41C31 /* Build configuration list for PBXProject "GoogleMapsTracker" */;
			compatibilityVersion = "Xcode 13.0";
			developmentRegion = en;
			hasScannedForEncodings = 0;
			knownRegions = (
				en,
				Base,
			);
			mainGroup = B9DA9A10299B83F400A41C31;
			packageReferences = (
				B94AF624299E747E00C6CFB5 /* XCRemoteSwiftPackageReference "realm-swift" */,
			);
			productRefGroup = B9DA9A1A299B83F400A41C31 /* Products */;
			projectDirPath = "";
			projectRoot = "";
			targets = (
				B9DA9A18299B83F400A41C31 /* GoogleMapsTracker */,
				B9DA9A2E299B83FA00A41C31 /* GoogleMapsTrackerTests */,
				B9DA9A38299B83FB00A41C31 /* GoogleMapsTrackerUITests */,
			);
		};
/* End PBXProject section */

/* Begin PBXResourcesBuildPhase section */
		B9DA9A17299B83F400A41C31 /* Resources */ = {
			isa = PBXResourcesBuildPhase;
			buildActionMask = 2147483647;
			files = (
				B9DA9A29299B83F900A41C31 /* LaunchScreen.storyboard in Resources */,
				B9DA9A26299B83F900A41C31 /* Assets.xcassets in Resources */,
				B9DA9A24299B83F400A41C31 /* Main.storyboard in Resources */,
			);
			runOnlyForDeploymentPostprocessing = 0;
		};
		B9DA9A2D299B83FA00A41C31 /* Resources */ = {
			isa = PBXResourcesBuildPhase;
			buildActionMask = 2147483647;
			files = (
			);
			runOnlyForDeploymentPostprocessing = 0;
		};
		B9DA9A37299B83FB00A41C31 /* Resources */ = {
			isa = PBXResourcesBuildPhase;
			buildActionMask = 2147483647;
			files = (
			);
			runOnlyForDeploymentPostprocessing = 0;
		};
/* End PBXResourcesBuildPhase section */

/* Begin PBXShellScriptBuildPhase section */
		0F0E54C0D1D99A13540B97BF /* [CP] Check Pods Manifest.lock */ = {
			isa = PBXShellScriptBuildPhase;
			buildActionMask = 2147483647;
			files = (
			);
			inputFileListPaths = (
			);
			inputPaths = (
				"${PODS_PODFILE_DIR_PATH}/Podfile.lock",
				"${PODS_ROOT}/Manifest.lock",
			);
			name = "[CP] Check Pods Manifest.lock";
			outputFileListPaths = (
			);
			outputPaths = (
				"$(DERIVED_FILE_DIR)/Pods-GoogleMapsTrackerTests-checkManifestLockResult.txt",
			);
			runOnlyForDeploymentPostprocessing = 0;
			shellPath = /bin/sh;
			shellScript = "diff \"${PODS_PODFILE_DIR_PATH}/Podfile.lock\" \"${PODS_ROOT}/Manifest.lock\" > /dev/null\nif [ $? != 0 ] ; then\n    # print error to STDERR\n    echo \"error: The sandbox is not in sync with the Podfile.lock. Run 'pod install' or update your CocoaPods installation.\" >&2\n    exit 1\nfi\n# This output is used by Xcode 'outputs' to avoid re-running this script phase.\necho \"SUCCESS\" > \"${SCRIPT_OUTPUT_FILE_0}\"\n";
			showEnvVarsInLog = 0;
		};
		15195817C7C1D53907AC096E /* [CP] Embed Pods Frameworks */ = {
			isa = PBXShellScriptBuildPhase;
			buildActionMask = 2147483647;
			files = (
			);
			inputFileListPaths = (
				"${PODS_ROOT}/Target Support Files/Pods-GoogleMapsTracker/Pods-GoogleMapsTracker-frameworks-${CONFIGURATION}-input-files.xcfilelist",
			);
			name = "[CP] Embed Pods Frameworks";
			outputFileListPaths = (
				"${PODS_ROOT}/Target Support Files/Pods-GoogleMapsTracker/Pods-GoogleMapsTracker-frameworks-${CONFIGURATION}-output-files.xcfilelist",
			);
			runOnlyForDeploymentPostprocessing = 0;
			shellPath = /bin/sh;
			shellScript = "\"${PODS_ROOT}/Target Support Files/Pods-GoogleMapsTracker/Pods-GoogleMapsTracker-frameworks.sh\"\n";
			showEnvVarsInLog = 0;
		};
		409CABF45D7E368FC87F07BA /* [CP] Copy Pods Resources */ = {
			isa = PBXShellScriptBuildPhase;
			buildActionMask = 2147483647;
			files = (
			);
			inputFileListPaths = (
				"${PODS_ROOT}/Target Support Files/Pods-GoogleMapsTracker/Pods-GoogleMapsTracker-resources-${CONFIGURATION}-input-files.xcfilelist",
			);
			name = "[CP] Copy Pods Resources";
			outputFileListPaths = (
				"${PODS_ROOT}/Target Support Files/Pods-GoogleMapsTracker/Pods-GoogleMapsTracker-resources-${CONFIGURATION}-output-files.xcfilelist",
			);
			runOnlyForDeploymentPostprocessing = 0;
			shellPath = /bin/sh;
			shellScript = "\"${PODS_ROOT}/Target Support Files/Pods-GoogleMapsTracker/Pods-GoogleMapsTracker-resources.sh\"\n";
			showEnvVarsInLog = 0;
		};
		4AC65595E352334D4201F23F /* [CP] Copy Pods Resources */ = {
			isa = PBXShellScriptBuildPhase;
			buildActionMask = 2147483647;
			files = (
			);
			inputFileListPaths = (
				"${PODS_ROOT}/Target Support Files/Pods-GoogleMapsTracker-GoogleMapsTrackerUITests/Pods-GoogleMapsTracker-GoogleMapsTrackerUITests-resources-${CONFIGURATION}-input-files.xcfilelist",
			);
			name = "[CP] Copy Pods Resources";
			outputFileListPaths = (
				"${PODS_ROOT}/Target Support Files/Pods-GoogleMapsTracker-GoogleMapsTrackerUITests/Pods-GoogleMapsTracker-GoogleMapsTrackerUITests-resources-${CONFIGURATION}-output-files.xcfilelist",
			);
			runOnlyForDeploymentPostprocessing = 0;
			shellPath = /bin/sh;
			shellScript = "\"${PODS_ROOT}/Target Support Files/Pods-GoogleMapsTracker-GoogleMapsTrackerUITests/Pods-GoogleMapsTracker-GoogleMapsTrackerUITests-resources.sh\"\n";
			showEnvVarsInLog = 0;
		};
		6F0224B8E8968A2F2CEFA612 /* [CP] Embed Pods Frameworks */ = {
			isa = PBXShellScriptBuildPhase;
			buildActionMask = 2147483647;
			files = (
			);
			inputFileListPaths = (
				"${PODS_ROOT}/Target Support Files/Pods-GoogleMapsTracker-GoogleMapsTrackerUITests/Pods-GoogleMapsTracker-GoogleMapsTrackerUITests-frameworks-${CONFIGURATION}-input-files.xcfilelist",
			);
			name = "[CP] Embed Pods Frameworks";
			outputFileListPaths = (
				"${PODS_ROOT}/Target Support Files/Pods-GoogleMapsTracker-GoogleMapsTrackerUITests/Pods-GoogleMapsTracker-GoogleMapsTrackerUITests-frameworks-${CONFIGURATION}-output-files.xcfilelist",
			);
			runOnlyForDeploymentPostprocessing = 0;
			shellPath = /bin/sh;
			shellScript = "\"${PODS_ROOT}/Target Support Files/Pods-GoogleMapsTracker-GoogleMapsTrackerUITests/Pods-GoogleMapsTracker-GoogleMapsTrackerUITests-frameworks.sh\"\n";
			showEnvVarsInLog = 0;
		};
		A70374B01816780244B3F045 /* [CP] Check Pods Manifest.lock */ = {
			isa = PBXShellScriptBuildPhase;
			buildActionMask = 2147483647;
			files = (
			);
			inputFileListPaths = (
			);
			inputPaths = (
				"${PODS_PODFILE_DIR_PATH}/Podfile.lock",
				"${PODS_ROOT}/Manifest.lock",
			);
			name = "[CP] Check Pods Manifest.lock";
			outputFileListPaths = (
			);
			outputPaths = (
				"$(DERIVED_FILE_DIR)/Pods-GoogleMapsTracker-checkManifestLockResult.txt",
			);
			runOnlyForDeploymentPostprocessing = 0;
			shellPath = /bin/sh;
			shellScript = "diff \"${PODS_PODFILE_DIR_PATH}/Podfile.lock\" \"${PODS_ROOT}/Manifest.lock\" > /dev/null\nif [ $? != 0 ] ; then\n    # print error to STDERR\n    echo \"error: The sandbox is not in sync with the Podfile.lock. Run 'pod install' or update your CocoaPods installation.\" >&2\n    exit 1\nfi\n# This output is used by Xcode 'outputs' to avoid re-running this script phase.\necho \"SUCCESS\" > \"${SCRIPT_OUTPUT_FILE_0}\"\n";
			showEnvVarsInLog = 0;
		};
		DEED84306776FDE58AC54A7B /* [CP] Check Pods Manifest.lock */ = {
			isa = PBXShellScriptBuildPhase;
			buildActionMask = 2147483647;
			files = (
			);
			inputFileListPaths = (
			);
			inputPaths = (
				"${PODS_PODFILE_DIR_PATH}/Podfile.lock",
				"${PODS_ROOT}/Manifest.lock",
			);
			name = "[CP] Check Pods Manifest.lock";
			outputFileListPaths = (
			);
			outputPaths = (
				"$(DERIVED_FILE_DIR)/Pods-GoogleMapsTracker-GoogleMapsTrackerUITests-checkManifestLockResult.txt",
			);
			runOnlyForDeploymentPostprocessing = 0;
			shellPath = /bin/sh;
			shellScript = "diff \"${PODS_PODFILE_DIR_PATH}/Podfile.lock\" \"${PODS_ROOT}/Manifest.lock\" > /dev/null\nif [ $? != 0 ] ; then\n    # print error to STDERR\n    echo \"error: The sandbox is not in sync with the Podfile.lock. Run 'pod install' or update your CocoaPods installation.\" >&2\n    exit 1\nfi\n# This output is used by Xcode 'outputs' to avoid re-running this script phase.\necho \"SUCCESS\" > \"${SCRIPT_OUTPUT_FILE_0}\"\n";
			showEnvVarsInLog = 0;
		};
/* End PBXShellScriptBuildPhase section */

/* Begin PBXSourcesBuildPhase section */
		B9DA9A15299B83F400A41C31 /* Sources */ = {
			isa = PBXSourcesBuildPhase;
			buildActionMask = 2147483647;
			files = (
				B9DA9A21299B83F400A41C31 /* MapViewController.swift in Sources */,
				B90DE35629A50CEE0095E9F2 /* LoginViewController.swift in Sources */,
				B90DE36029A523260095E9F2 /* Router.swift in Sources */,
				B9C2F78F29A66C400007D050 /* AuthConstatns.swift in Sources */,
				B9C2F79129A66E0F0007D050 /* LocationManager.swift in Sources */,
				B90DE37029A52DF10095E9F2 /* UIWindow.swift in Sources */,
				B9DA9A1D299B83F400A41C31 /* AppDelegate.swift in Sources */,
				B90DE35A29A518870095E9F2 /* RegisterViewController.swift in Sources */,
				B9DA9A1F299B83F400A41C31 /* SceneDelegate.swift in Sources */,
				B90DE36E29A526DE0095E9F2 /* StoryboardHelper.swift in Sources */,
				B94AF623299E703C00C6CFB5 /* Coordinate.swift in Sources */,
				B9C2F78B29A60A5F0007D050 /* BlurView.swift in Sources */,
				B9C2F78D29A66BBB0007D050 /* Observable.swift in Sources */,
				B9D438F029A8A5010018331E /* ImageService.swift in Sources */,
				B94AF62B299E86DF00C6CFB5 /* RealmService.swift in Sources */,
				B90DE35829A517B10095E9F2 /* User.swift in Sources */,
			);
			runOnlyForDeploymentPostprocessing = 0;
		};
		B9DA9A2B299B83FA00A41C31 /* Sources */ = {
			isa = PBXSourcesBuildPhase;
			buildActionMask = 2147483647;
			files = (
				B9DA9A34299B83FA00A41C31 /* GoogleMapsTrackerTests.swift in Sources */,
			);
			runOnlyForDeploymentPostprocessing = 0;
		};
		B9DA9A35299B83FB00A41C31 /* Sources */ = {
			isa = PBXSourcesBuildPhase;
			buildActionMask = 2147483647;
			files = (
				B9DA9A3E299B83FB00A41C31 /* GoogleMapsTrackerUITests.swift in Sources */,
				B9DA9A40299B83FB00A41C31 /* GoogleMapsTrackerUITestsLaunchTests.swift in Sources */,
			);
			runOnlyForDeploymentPostprocessing = 0;
		};
/* End PBXSourcesBuildPhase section */

/* Begin PBXTargetDependency section */
		B9DA9A31299B83FA00A41C31 /* PBXTargetDependency */ = {
			isa = PBXTargetDependency;
			target = B9DA9A18299B83F400A41C31 /* GoogleMapsTracker */;
			targetProxy = B9DA9A30299B83FA00A41C31 /* PBXContainerItemProxy */;
		};
		B9DA9A3B299B83FB00A41C31 /* PBXTargetDependency */ = {
			isa = PBXTargetDependency;
			target = B9DA9A18299B83F400A41C31 /* GoogleMapsTracker */;
			targetProxy = B9DA9A3A299B83FB00A41C31 /* PBXContainerItemProxy */;
		};
/* End PBXTargetDependency section */

/* Begin PBXVariantGroup section */
		B9DA9A22299B83F400A41C31 /* Main.storyboard */ = {
			isa = PBXVariantGroup;
			children = (
				B9DA9A23299B83F400A41C31 /* Base */,
			);
			name = Main.storyboard;
			sourceTree = "<group>";
		};
		B9DA9A27299B83F900A41C31 /* LaunchScreen.storyboard */ = {
			isa = PBXVariantGroup;
			children = (
				B9DA9A28299B83F900A41C31 /* Base */,
			);
			name = LaunchScreen.storyboard;
			sourceTree = "<group>";
		};
/* End PBXVariantGroup section */

/* Begin XCBuildConfiguration section */
		B9DA9A41299B83FB00A41C31 /* Debug */ = {
			isa = XCBuildConfiguration;
			buildSettings = {
				ALWAYS_SEARCH_USER_PATHS = NO;
				CLANG_ANALYZER_NONNULL = YES;
				CLANG_ANALYZER_NUMBER_OBJECT_CONVERSION = YES_AGGRESSIVE;
				CLANG_CXX_LANGUAGE_STANDARD = "gnu++20";
				CLANG_ENABLE_MODULES = YES;
				CLANG_ENABLE_OBJC_ARC = YES;
				CLANG_ENABLE_OBJC_WEAK = YES;
				CLANG_WARN_BLOCK_CAPTURE_AUTORELEASING = YES;
				CLANG_WARN_BOOL_CONVERSION = YES;
				CLANG_WARN_COMMA = YES;
				CLANG_WARN_CONSTANT_CONVERSION = YES;
				CLANG_WARN_DEPRECATED_OBJC_IMPLEMENTATIONS = YES;
				CLANG_WARN_DIRECT_OBJC_ISA_USAGE = YES_ERROR;
				CLANG_WARN_DOCUMENTATION_COMMENTS = YES;
				CLANG_WARN_EMPTY_BODY = YES;
				CLANG_WARN_ENUM_CONVERSION = YES;
				CLANG_WARN_INFINITE_RECURSION = YES;
				CLANG_WARN_INT_CONVERSION = YES;
				CLANG_WARN_NON_LITERAL_NULL_CONVERSION = YES;
				CLANG_WARN_OBJC_IMPLICIT_RETAIN_SELF = YES;
				CLANG_WARN_OBJC_LITERAL_CONVERSION = YES;
				CLANG_WARN_OBJC_ROOT_CLASS = YES_ERROR;
				CLANG_WARN_QUOTED_INCLUDE_IN_FRAMEWORK_HEADER = YES;
				CLANG_WARN_RANGE_LOOP_ANALYSIS = YES;
				CLANG_WARN_STRICT_PROTOTYPES = YES;
				CLANG_WARN_SUSPICIOUS_MOVE = YES;
				CLANG_WARN_UNGUARDED_AVAILABILITY = YES_AGGRESSIVE;
				CLANG_WARN_UNREACHABLE_CODE = YES;
				CLANG_WARN__DUPLICATE_METHOD_MATCH = YES;
				COPY_PHASE_STRIP = NO;
				DEBUG_INFORMATION_FORMAT = dwarf;
				ENABLE_STRICT_OBJC_MSGSEND = YES;
				ENABLE_TESTABILITY = YES;
				GCC_C_LANGUAGE_STANDARD = gnu11;
				GCC_DYNAMIC_NO_PIC = NO;
				GCC_NO_COMMON_BLOCKS = YES;
				GCC_OPTIMIZATION_LEVEL = 0;
				GCC_PREPROCESSOR_DEFINITIONS = (
					"DEBUG=1",
					"$(inherited)",
				);
				GCC_WARN_64_TO_32_BIT_CONVERSION = YES;
				GCC_WARN_ABOUT_RETURN_TYPE = YES_ERROR;
				GCC_WARN_UNDECLARED_SELECTOR = YES;
				GCC_WARN_UNINITIALIZED_AUTOS = YES_AGGRESSIVE;
				GCC_WARN_UNUSED_FUNCTION = YES;
				GCC_WARN_UNUSED_VARIABLE = YES;
				IPHONEOS_DEPLOYMENT_TARGET = 16.2;
				MTL_ENABLE_DEBUG_INFO = INCLUDE_SOURCE;
				MTL_FAST_MATH = YES;
				ONLY_ACTIVE_ARCH = YES;
				SDKROOT = iphoneos;
				SWIFT_ACTIVE_COMPILATION_CONDITIONS = DEBUG;
				SWIFT_OPTIMIZATION_LEVEL = "-Onone";
			};
			name = Debug;
		};
		B9DA9A42299B83FB00A41C31 /* Release */ = {
			isa = XCBuildConfiguration;
			buildSettings = {
				ALWAYS_SEARCH_USER_PATHS = NO;
				CLANG_ANALYZER_NONNULL = YES;
				CLANG_ANALYZER_NUMBER_OBJECT_CONVERSION = YES_AGGRESSIVE;
				CLANG_CXX_LANGUAGE_STANDARD = "gnu++20";
				CLANG_ENABLE_MODULES = YES;
				CLANG_ENABLE_OBJC_ARC = YES;
				CLANG_ENABLE_OBJC_WEAK = YES;
				CLANG_WARN_BLOCK_CAPTURE_AUTORELEASING = YES;
				CLANG_WARN_BOOL_CONVERSION = YES;
				CLANG_WARN_COMMA = YES;
				CLANG_WARN_CONSTANT_CONVERSION = YES;
				CLANG_WARN_DEPRECATED_OBJC_IMPLEMENTATIONS = YES;
				CLANG_WARN_DIRECT_OBJC_ISA_USAGE = YES_ERROR;
				CLANG_WARN_DOCUMENTATION_COMMENTS = YES;
				CLANG_WARN_EMPTY_BODY = YES;
				CLANG_WARN_ENUM_CONVERSION = YES;
				CLANG_WARN_INFINITE_RECURSION = YES;
				CLANG_WARN_INT_CONVERSION = YES;
				CLANG_WARN_NON_LITERAL_NULL_CONVERSION = YES;
				CLANG_WARN_OBJC_IMPLICIT_RETAIN_SELF = YES;
				CLANG_WARN_OBJC_LITERAL_CONVERSION = YES;
				CLANG_WARN_OBJC_ROOT_CLASS = YES_ERROR;
				CLANG_WARN_QUOTED_INCLUDE_IN_FRAMEWORK_HEADER = YES;
				CLANG_WARN_RANGE_LOOP_ANALYSIS = YES;
				CLANG_WARN_STRICT_PROTOTYPES = YES;
				CLANG_WARN_SUSPICIOUS_MOVE = YES;
				CLANG_WARN_UNGUARDED_AVAILABILITY = YES_AGGRESSIVE;
				CLANG_WARN_UNREACHABLE_CODE = YES;
				CLANG_WARN__DUPLICATE_METHOD_MATCH = YES;
				COPY_PHASE_STRIP = NO;
				DEBUG_INFORMATION_FORMAT = "dwarf-with-dsym";
				ENABLE_NS_ASSERTIONS = NO;
				ENABLE_STRICT_OBJC_MSGSEND = YES;
				GCC_C_LANGUAGE_STANDARD = gnu11;
				GCC_NO_COMMON_BLOCKS = YES;
				GCC_WARN_64_TO_32_BIT_CONVERSION = YES;
				GCC_WARN_ABOUT_RETURN_TYPE = YES_ERROR;
				GCC_WARN_UNDECLARED_SELECTOR = YES;
				GCC_WARN_UNINITIALIZED_AUTOS = YES_AGGRESSIVE;
				GCC_WARN_UNUSED_FUNCTION = YES;
				GCC_WARN_UNUSED_VARIABLE = YES;
				IPHONEOS_DEPLOYMENT_TARGET = 16.2;
				MTL_ENABLE_DEBUG_INFO = NO;
				MTL_FAST_MATH = YES;
				SDKROOT = iphoneos;
				SWIFT_COMPILATION_MODE = wholemodule;
				SWIFT_OPTIMIZATION_LEVEL = "-O";
				VALIDATE_PRODUCT = YES;
			};
			name = Release;
		};
		B9DA9A44299B83FB00A41C31 /* Debug */ = {
			isa = XCBuildConfiguration;
			baseConfigurationReference = 9C9C892EE2FDF3768A4F152D /* Pods-GoogleMapsTracker.debug.xcconfig */;
			buildSettings = {
				ASSETCATALOG_COMPILER_APPICON_NAME = AppIcon;
				ASSETCATALOG_COMPILER_GLOBAL_ACCENT_COLOR_NAME = AccentColor;
				CODE_SIGN_STYLE = Automatic;
				CURRENT_PROJECT_VERSION = 1;
				DEVELOPMENT_TEAM = HSKY5AD59J;
				GENERATE_INFOPLIST_FILE = YES;
				INFOPLIST_FILE = GoogleMapsTracker/Info.plist;
				INFOPLIST_KEY_NSLocationAlwaysAndWhenInUseUsageDescription = "to show maps";
				INFOPLIST_KEY_NSLocationWhenInUseUsageDescription = "to route";
				INFOPLIST_KEY_UIApplicationSupportsIndirectInputEvents = YES;
				INFOPLIST_KEY_UILaunchStoryboardName = LaunchScreen;
				INFOPLIST_KEY_UIMainStoryboardFile = Main;
				INFOPLIST_KEY_UISupportedInterfaceOrientations_iPad = "UIInterfaceOrientationPortrait UIInterfaceOrientationPortraitUpsideDown UIInterfaceOrientationLandscapeLeft UIInterfaceOrientationLandscapeRight";
				INFOPLIST_KEY_UISupportedInterfaceOrientations_iPhone = "UIInterfaceOrientationPortrait UIInterfaceOrientationLandscapeLeft UIInterfaceOrientationLandscapeRight";
				LD_RUNPATH_SEARCH_PATHS = (
					"$(inherited)",
					"@executable_path/Frameworks",
				);
				MARKETING_VERSION = 1.0;
				PRODUCT_BUNDLE_IDENTIFIER = OK.GoogleMapsTracker;
				PRODUCT_NAME = "$(TARGET_NAME)";
				SWIFT_EMIT_LOC_STRINGS = YES;
				SWIFT_VERSION = 5.0;
				TARGETED_DEVICE_FAMILY = "1,2";
			};
			name = Debug;
		};
		B9DA9A45299B83FB00A41C31 /* Release */ = {
			isa = XCBuildConfiguration;
			baseConfigurationReference = 0DBFE9D3C3B8D2633555DCA8 /* Pods-GoogleMapsTracker.release.xcconfig */;
			buildSettings = {
				ASSETCATALOG_COMPILER_APPICON_NAME = AppIcon;
				ASSETCATALOG_COMPILER_GLOBAL_ACCENT_COLOR_NAME = AccentColor;
				CODE_SIGN_STYLE = Automatic;
				CURRENT_PROJECT_VERSION = 1;
				DEVELOPMENT_TEAM = HSKY5AD59J;
				GENERATE_INFOPLIST_FILE = YES;
				INFOPLIST_FILE = GoogleMapsTracker/Info.plist;
				INFOPLIST_KEY_NSLocationAlwaysAndWhenInUseUsageDescription = "to show maps";
				INFOPLIST_KEY_NSLocationWhenInUseUsageDescription = "to route";
				INFOPLIST_KEY_UIApplicationSupportsIndirectInputEvents = YES;
				INFOPLIST_KEY_UILaunchStoryboardName = LaunchScreen;
				INFOPLIST_KEY_UIMainStoryboardFile = Main;
				INFOPLIST_KEY_UISupportedInterfaceOrientations_iPad = "UIInterfaceOrientationPortrait UIInterfaceOrientationPortraitUpsideDown UIInterfaceOrientationLandscapeLeft UIInterfaceOrientationLandscapeRight";
				INFOPLIST_KEY_UISupportedInterfaceOrientations_iPhone = "UIInterfaceOrientationPortrait UIInterfaceOrientationLandscapeLeft UIInterfaceOrientationLandscapeRight";
				LD_RUNPATH_SEARCH_PATHS = (
					"$(inherited)",
					"@executable_path/Frameworks",
				);
				MARKETING_VERSION = 1.0;
				PRODUCT_BUNDLE_IDENTIFIER = OK.GoogleMapsTracker;
				PRODUCT_NAME = "$(TARGET_NAME)";
				SWIFT_EMIT_LOC_STRINGS = YES;
				SWIFT_VERSION = 5.0;
				TARGETED_DEVICE_FAMILY = "1,2";
			};
			name = Release;
		};
		B9DA9A47299B83FB00A41C31 /* Debug */ = {
			isa = XCBuildConfiguration;
			baseConfigurationReference = 990EC9BCE01D14730F63FA62 /* Pods-GoogleMapsTrackerTests.debug.xcconfig */;
			buildSettings = {
				ALWAYS_EMBED_SWIFT_STANDARD_LIBRARIES = YES;
				BUNDLE_LOADER = "$(TEST_HOST)";
				CODE_SIGN_STYLE = Automatic;
				CURRENT_PROJECT_VERSION = 1;
				DEVELOPMENT_TEAM = HSKY5AD59J;
				GENERATE_INFOPLIST_FILE = YES;
				IPHONEOS_DEPLOYMENT_TARGET = 16.2;
				MARKETING_VERSION = 1.0;
				PRODUCT_BUNDLE_IDENTIFIER = OK.GoogleMapsTrackerTests;
				PRODUCT_NAME = "$(TARGET_NAME)";
				SWIFT_EMIT_LOC_STRINGS = NO;
				SWIFT_VERSION = 5.0;
				TARGETED_DEVICE_FAMILY = "1,2";
				TEST_HOST = "$(BUILT_PRODUCTS_DIR)/GoogleMapsTracker.app/$(BUNDLE_EXECUTABLE_FOLDER_PATH)/GoogleMapsTracker";
			};
			name = Debug;
		};
		B9DA9A48299B83FB00A41C31 /* Release */ = {
			isa = XCBuildConfiguration;
			baseConfigurationReference = 34855A2FFC54AF83127AECA6 /* Pods-GoogleMapsTrackerTests.release.xcconfig */;
			buildSettings = {
				ALWAYS_EMBED_SWIFT_STANDARD_LIBRARIES = YES;
				BUNDLE_LOADER = "$(TEST_HOST)";
				CODE_SIGN_STYLE = Automatic;
				CURRENT_PROJECT_VERSION = 1;
				DEVELOPMENT_TEAM = HSKY5AD59J;
				GENERATE_INFOPLIST_FILE = YES;
				IPHONEOS_DEPLOYMENT_TARGET = 16.2;
				MARKETING_VERSION = 1.0;
				PRODUCT_BUNDLE_IDENTIFIER = OK.GoogleMapsTrackerTests;
				PRODUCT_NAME = "$(TARGET_NAME)";
				SWIFT_EMIT_LOC_STRINGS = NO;
				SWIFT_VERSION = 5.0;
				TARGETED_DEVICE_FAMILY = "1,2";
				TEST_HOST = "$(BUILT_PRODUCTS_DIR)/GoogleMapsTracker.app/$(BUNDLE_EXECUTABLE_FOLDER_PATH)/GoogleMapsTracker";
			};
			name = Release;
		};
		B9DA9A4A299B83FB00A41C31 /* Debug */ = {
			isa = XCBuildConfiguration;
			baseConfigurationReference = 4A4435A4E3FD86026C21ED95 /* Pods-GoogleMapsTracker-GoogleMapsTrackerUITests.debug.xcconfig */;
			buildSettings = {
				ALWAYS_EMBED_SWIFT_STANDARD_LIBRARIES = YES;
				CODE_SIGN_STYLE = Automatic;
				CURRENT_PROJECT_VERSION = 1;
				DEVELOPMENT_TEAM = HSKY5AD59J;
				GENERATE_INFOPLIST_FILE = YES;
				MARKETING_VERSION = 1.0;
				PRODUCT_BUNDLE_IDENTIFIER = OK.GoogleMapsTrackerUITests;
				PRODUCT_NAME = "$(TARGET_NAME)";
				SWIFT_EMIT_LOC_STRINGS = NO;
				SWIFT_VERSION = 5.0;
				TARGETED_DEVICE_FAMILY = "1,2";
				TEST_TARGET_NAME = GoogleMapsTracker;
			};
			name = Debug;
		};
		B9DA9A4B299B83FB00A41C31 /* Release */ = {
			isa = XCBuildConfiguration;
			baseConfigurationReference = 20CC58D184D9B528A0EF89DF /* Pods-GoogleMapsTracker-GoogleMapsTrackerUITests.release.xcconfig */;
			buildSettings = {
				ALWAYS_EMBED_SWIFT_STANDARD_LIBRARIES = YES;
				CODE_SIGN_STYLE = Automatic;
				CURRENT_PROJECT_VERSION = 1;
				DEVELOPMENT_TEAM = HSKY5AD59J;
				GENERATE_INFOPLIST_FILE = YES;
				MARKETING_VERSION = 1.0;
				PRODUCT_BUNDLE_IDENTIFIER = OK.GoogleMapsTrackerUITests;
				PRODUCT_NAME = "$(TARGET_NAME)";
				SWIFT_EMIT_LOC_STRINGS = NO;
				SWIFT_VERSION = 5.0;
				TARGETED_DEVICE_FAMILY = "1,2";
				TEST_TARGET_NAME = GoogleMapsTracker;
			};
			name = Release;
		};
/* End XCBuildConfiguration section */

/* Begin XCConfigurationList section */
		B9DA9A14299B83F400A41C31 /* Build configuration list for PBXProject "GoogleMapsTracker" */ = {
			isa = XCConfigurationList;
			buildConfigurations = (
				B9DA9A41299B83FB00A41C31 /* Debug */,
				B9DA9A42299B83FB00A41C31 /* Release */,
			);
			defaultConfigurationIsVisible = 0;
			defaultConfigurationName = Release;
		};
		B9DA9A43299B83FB00A41C31 /* Build configuration list for PBXNativeTarget "GoogleMapsTracker" */ = {
			isa = XCConfigurationList;
			buildConfigurations = (
				B9DA9A44299B83FB00A41C31 /* Debug */,
				B9DA9A45299B83FB00A41C31 /* Release */,
			);
			defaultConfigurationIsVisible = 0;
			defaultConfigurationName = Release;
		};
		B9DA9A46299B83FB00A41C31 /* Build configuration list for PBXNativeTarget "GoogleMapsTrackerTests" */ = {
			isa = XCConfigurationList;
			buildConfigurations = (
				B9DA9A47299B83FB00A41C31 /* Debug */,
				B9DA9A48299B83FB00A41C31 /* Release */,
			);
			defaultConfigurationIsVisible = 0;
			defaultConfigurationName = Release;
		};
		B9DA9A49299B83FB00A41C31 /* Build configuration list for PBXNativeTarget "GoogleMapsTrackerUITests" */ = {
			isa = XCConfigurationList;
			buildConfigurations = (
				B9DA9A4A299B83FB00A41C31 /* Debug */,
				B9DA9A4B299B83FB00A41C31 /* Release */,
			);
			defaultConfigurationIsVisible = 0;
			defaultConfigurationName = Release;
		};
/* End XCConfigurationList section */

/* Begin XCRemoteSwiftPackageReference section */
		B94AF624299E747E00C6CFB5 /* XCRemoteSwiftPackageReference "realm-swift" */ = {
			isa = XCRemoteSwiftPackageReference;
			repositoryURL = "https://github.com/realm/realm-swift.git";
			requirement = {
				branch = master;
				kind = branch;
			};
		};
/* End XCRemoteSwiftPackageReference section */

/* Begin XCSwiftPackageProductDependency section */
		B94AF625299E747E00C6CFB5 /* Realm */ = {
			isa = XCSwiftPackageProductDependency;
			package = B94AF624299E747E00C6CFB5 /* XCRemoteSwiftPackageReference "realm-swift" */;
			productName = Realm;
		};
		B94AF627299E747E00C6CFB5 /* RealmSwift */ = {
			isa = XCSwiftPackageProductDependency;
			package = B94AF624299E747E00C6CFB5 /* XCRemoteSwiftPackageReference "realm-swift" */;
			productName = RealmSwift;
		};
/* End XCSwiftPackageProductDependency section */
	};
	rootObject = B9DA9A11299B83F400A41C31 /* Project object */;
}
